{
  "nodes": {
    "crane": {
      "locked": {
        "lastModified": 1784248371,
        "narHash": "sha256-0l0Y4D4wbZhp1Oi6h8OpbLtIm/4FN88oCf54MK2ZgiM=",
        "owner": "ipetkov",
        "repo": "crane",
        "rev": "f7d151ec0bf52cf9662e2f59d7bea28588c2f070",
        "type": "github"
      },
      "original": {
        "owner": "ipetkov",
        "repo": "crane",
        "type": "github"
      }
    },
    "nixpkgs": {
      "locked": {
        "lastModified": 1784120854,
        "narHash": "sha256-KesHgItiZPgGX740axSiQLcIQ8D24MDqNpkKYWIek8k=",
        "owner": "NixOS",
        "repo": "nixpkgs",
        "rev": "753cc8a3a87467296ddd1fa93f0cc3e81120ee46",
        "type": "github"
      },
      "original": {
        "owner": "NixOS",
        "ref": "nixos-unstable",
        "repo": "nixpkgs",
        "type": "github"
      }
    },
    "root": {
      "inputs": {
        "crane": "crane",
        "nixpkgs": "nixpkgs"
      }
    }
  },
  "root": "root",
  "version": 7
}
